# THIS IS AN AUTOGENERATED FILE. DO NOT EDIT THIS FILE DIRECTLY.
# yarn lockfile v1


"@popperjs/core@^2.10.2":
  version "2.11.6"
  resolved "https://registry.yarnpkg.com/@popperjs/core/-/core-2.11.6.tgz#cee20bd55e68a1720bdab363ecf0c821ded4cd45"
  integrity sha512-50/17A98tWUfQ176raKiOGXuYpLyyVMkxxG6oylzL3BPOlA6ADGdK7EYunSa4I064xerltq9TGXs8HmOk5E+vw==

bootstrap@^5.0.1:
  version "5.2.0"
  resolved "https://registry.yarnpkg.com/bootstrap/-/bootstrap-5.2.0.tgz#838727fb60f1630db370fe57c63cbcf2962bb3d3"
  integrity sha512-qlnS9GL6YZE6Wnef46GxGv1UpGGzAwO0aPL1yOjzDIJpeApeMvqV24iL+pjr2kU4dduoBA9fINKWKgMToobx9A==

jquery@^3.5.0:
  version "3.6.1"
  resolved "https://registry.yarnpkg.com/jquery/-/jquery-3.6.1.tgz#fab0408f8b45fc19f956205773b62b292c147a16"
  integrity sha512-opJeO4nCucVnsjiXOE+/PcCgYw9Gwpvs/a6B1LL/lQhwWwpbVEVYDZ1FokFr8PRc7ghYlrFPuyHuiiDNTQxmcw==

yarn@^1.22.19:
  version "1.22.19"
  resolved "https://registry.yarnpkg.com/yarn/-/yarn-1.22.19.tgz#4ba7fc5c6e704fce2066ecbfb0b0d8976fe62447"
  integrity sha512-/0V5q0WbslqnwP91tirOvldvYISzaqhClxzyUKXYxs07yUILIs5jx/k6CFe8bvKSkds5w+eiOqta39Wk3WxdcQ==
